// !$*UTF8*$!
{
	archiveVersion = 1;
	classes = {
	};
	objectVersion = 55;
	objects = {

/* Begin PBXBuildFile section */
		AE92BEE728ACF0000037520E /* AppDelegate.swift in Sources */ = {isa = PBXBuildFile; fileRef = AE92BEE628ACF0000037520E /* AppDelegate.swift */; };
		AE92BEE928ACF0000037520E /* SceneDelegate.swift in Sources */ = {isa = PBXBuildFile; fileRef = AE92BEE828ACF0000037520E /* SceneDelegate.swift */; };
		AE92BEEB28ACF0000037520E /* ViewController.swift in Sources */ = {isa = PBXBuildFile; fileRef = AE92BEEA28ACF0000037520E /* ViewController.swift */; };
		AE92BEEE28ACF0000037520E /* Main.storyboard in Resources */ = {isa = PBXBuildFile; fileRef = AE92BEEC28ACF0000037520E /* Main.storyboard */; };
		AE92BEF028ACF0020037520E /* Assets.xcassets in Resources */ = {isa = PBXBuildFile; fileRef = AE92BEEF28ACF0020037520E /* Assets.xcassets */; };
		AE92BEF328ACF0020037520E /* LaunchScreen.storyboard in Resources */ = {isa = PBXBuildFile; fileRef = AE92BEF128ACF0020037520E /* LaunchScreen.storyboard */; };
		AE92BEFE28ACF0020037520E /* arch_practicalTests.swift in Sources */ = {isa = PBXBuildFile; fileRef = AE92BEFD28ACF0020037520E /* arch_practicalTests.swift */; };
		AE92BF0828ACF0020037520E /* arch_practicalUITests.swift in Sources */ = {isa = PBXBuildFile; fileRef = AE92BF0728ACF0020037520E /* arch_practicalUITests.swift */; };
		AE92BF0A28ACF0020037520E /* arch_practicalUITestsLaunchTests.swift in Sources */ = {isa = PBXBuildFile; fileRef = AE92BF0928ACF0020037520E /* arch_practicalUITestsLaunchTests.swift */; };
/* End PBXBuildFile section */

/* Begin PBXContainerItemProxy section */
		AE92BEFA28ACF0020037520E /* PBXContainerItemProxy */ = {
			isa = PBXContainerItemProxy;
			containerPortal = AE92BEDB28ACF0000037520E /* Project object */;
			proxyType = 1;
			remoteGlobalIDString = AE92BEE228ACF0000037520E;
			remoteInfo = arch_practical;
		};
		AE92BF0428ACF0020037520E /* PBXContainerItemProxy */ = {
			isa = PBXContainerItemProxy;
			containerPortal = AE92BEDB28ACF0000037520E /* Project object */;
			proxyType = 1;
			remoteGlobalIDString = AE92BEE228ACF0000037520E;
			remoteInfo = arch_practical;
		};
/* End PBXContainerItemProxy section */

/* Begin PBXFileReference section */
		AE92BEE328ACF0000037520E /* arch_practical.app */ = {isa = PBXFileReference; explicitFileType = wrapper.application; includeInIndex = 0; path = arch_practical.app; sourceTree = BUILT_PRODUCTS_DIR; };
		AE92BEE628ACF0000037520E /* AppDelegate.swift */ = {isa = PBXFileReference; lastKnownFileType = sourcecode.swift; path = AppDelegate.swift; sourceTree = "<group>"; };
		AE92BEE828ACF0000037520E /* SceneDelegate.swift */ = {isa = PBXFileReference; lastKnownFileType = sourcecode.swift; path = SceneDelegate.swift; sourceTree = "<group>"; };
		AE92BEEA28ACF0000037520E /* ViewController.swift */ = {isa = PBXFileReference; lastKnownFileType = sourcecode.swift; path = ViewController.swift; sourceTree = "<group>"; };
		AE92BEED28ACF0000037520E /* Base */ = {isa = PBXFileReference; lastKnownFileType = file.storyboard; name = Base; path = Base.lproj/Main.storyboard; sourceTree = "<group>"; };
		AE92BEEF28ACF0020037520E /* Assets.xcassets */ = {isa = PBXFileReference; lastKnownFileType = folder.assetcatalog; path = Assets.xcassets; sourceTree = "<group>"; };
		AE92BEF228ACF0020037520E /* Base */ = {isa = PBXFileReference; lastKnownFileType = file.storyboard; name = Base; path = Base.lproj/LaunchScreen.storyboard; sourceTree = "<group>"; };
		AE92BEF428ACF0020037520E /* Info.plist */ = {isa = PBXFileReference; lastKnownFileType = text.plist.xml; path = Info.plist; sourceTree = "<group>"; };
		AE92BEF928ACF0020037520E /* arch_practicalTests.xctest */ = {isa = PBXFileReference; explicitFileType = wrapper.cfbundle; includeInIndex = 0; path = arch_practicalTests.xctest; sourceTree = BUILT_PRODUCTS_DIR; };
		AE92BEFD28ACF0020037520E /* arch_practicalTests.swift */ = {isa = PBXFileReference; lastKnownFileType = sourcecode.swift; path = arch_practicalTests.swift; sourceTree = "<group>"; };
		AE92BF0328ACF0020037520E /* arch_practicalUITests.xctest */ = {isa = PBXFileReference; explicitFileType = wrapper.cfbundle; includeInIndex = 0; path = arch_practicalUITests.xctest; sourceTree = BUILT_PRODUCTS_DIR; };
		AE92BF0728ACF0020037520E /* arch_practicalUITests.swift */ = {isa = PBXFileReference; lastKnownFileType = sourcecode.swift; path = arch_practicalUITests.swift; sourceTree = "<group>"; };
		AE92BF0928ACF0020037520E /* arch_practicalUITestsLaunchTests.swift */ = {isa = PBXFileReference; lastKnownFileType = sourcecode.swift; path = arch_practicalUITestsLaunchTests.swift; sourceTree = "<group>"; };
/* End PBXFileReference section */

/* Begin PBXFrameworksBuildPhase section */
		AE92BEE028ACF0000037520E /* Frameworks */ = {
			isa = PBXFrameworksBuildPhase;
			buildActionMask = 2147483647;
			files = (
			);
			runOnlyForDeploymentPostprocessing = 0;
		};
		AE92BEF628ACF0020037520E /* Frameworks */ = {
			isa = PBXFrameworksBuildPhase;
			buildActionMask = 2147483647;
			files = (
			);
			runOnlyForDeploymentPostprocessing = 0;
		};
		AE92BF0028ACF0020037520E /* Frameworks */ = {
			isa = PBXFrameworksBuildPhase;
			buildActionMask = 2147483647;
			files = (
			);
			runOnlyForDeploymentPostprocessing = 0;
		};
/* End PBXFrameworksBuildPhase section */

/* Begin PBXGroup section */
		AE92BEDA28ACF0000037520E = {
			isa = PBXGroup;
			children = (
				AE92BEE528ACF0000037520E /* arch_practical */,
				AE92BEFC28ACF0020037520E /* arch_practicalTests */,
				AE92BF0628ACF0020037520E /* arch_practicalUITests */,
				AE92BEE428ACF0000037520E /* Products */,
			);
			sourceTree = "<group>";
		};
		AE92BEE428ACF0000037520E /* Products */ = {
			isa = PBXGroup;
			children = (
				AE92BEE328ACF0000037520E /* arch_practical.app */,
				AE92BEF928ACF0020037520E /* arch_practicalTests.xctest */,
				AE92BF0328ACF0020037520E /* arch_practicalUITests.xctest */,
			);
			name = Products;
			sourceTree = "<group>";
		};
		AE92BEE528ACF0000037520E /* arch_practical */ = {
			isa = PBXGroup;
			children = (
				AE92BEE628ACF0000037520E /* AppDelegate.swift */,
				AE92BEE828ACF0000037520E /* SceneDelegate.swift */,
				AE92BEEA28ACF0000037520E /* ViewController.swift */,
				AE92BEEC28ACF0000037520E /* Main.storyboard */,
				AE92BEEF28ACF0020037520E /* Assets.xcassets */,
				AE92BEF128ACF0020037520E /* LaunchScreen.storyboard */,
				AE92BEF428ACF0020037520E /* Info.plist */,
			);
			path = arch_practical;
			sourceTree = "<group>";
		};
		AE92BEFC28ACF0020037520E /* arch_practicalTests */ = {
			isa = PBXGroup;
			children = (
				AE92BEFD28ACF0020037520E /* arch_practicalTests.swift */,
			);
			path = arch_practicalTests;
			sourceTree = "<group>";
		};
		AE92BF0628ACF0020037520E /* arch_practicalUITests */ = {
			isa = PBXGroup;
			children = (
				AE92BF0728ACF0020037520E /* arch_practicalUITests.swift */,
				AE92BF0928ACF0020037520E /* arch_practicalUITestsLaunchTests.swift */,
			);
			path = arch_practicalUITests;
			sourceTree = "<group>";
		};
/* End PBXGroup section */

/* Begin PBXNativeTarget section */
		AE92BEE228ACF0000037520E /* arch_practical */ = {
			isa = PBXNativeTarget;
			buildConfigurationList = AE92BF0D28ACF0020037520E /* Build configuration list for PBXNativeTarget "arch_practical" */;
			buildPhases = (
				AE92BEDF28ACF0000037520E /* Sources */,
				AE92BEE028ACF0000037520E /* Frameworks */,
				AE92BEE128ACF0000037520E /* Resources */,
			);
			buildRules = (
			);
			dependencies = (
			);
			name = arch_practical;
			productName = arch_practical;
			productReference = AE92BEE328ACF0000037520E /* arch_practical.app */;
			productType = "com.apple.product-type.application";
		};
		AE92BEF828ACF0020037520E /* arch_practicalTests */ = {
			isa = PBXNativeTarget;
			buildConfigurationList = AE92BF1028ACF0020037520E /* Build configuration list for PBXNativeTarget "arch_practicalTests" */;
			buildPhases = (
				AE92BEF528ACF0020037520E /* Sources */,
				AE92BEF628ACF0020037520E /* Frameworks */,
				AE92BEF728ACF0020037520E /* Resources */,
			);
			buildRules = (
			);
			dependencies = (
				AE92BEFB28ACF0020037520E /* PBXTargetDependency */,
			);
			name = arch_practicalTests;
			productName = arch_practicalTests;
			productReference = AE92BEF928ACF0020037520E /* arch_practicalTests.xctest */;
			productType = "com.apple.product-type.bundle.unit-test";
		};
		AE92BF0228ACF0020037520E /* arch_practicalUITests */ = {
			isa = PBXNativeTarget;
			buildConfigurationList = AE92BF1328ACF0020037520E /* Build configuration list for PBXNativeTarget "arch_practicalUITests" */;
			buildPhases = (
				AE92BEFF28ACF0020037520E /* Sources */,
				AE92BF0028ACF0020037520E /* Frameworks */,
				AE92BF0128ACF0020037520E /* Resources */,
			);
			buildRules = (
			);
			dependencies = (
				AE92BF0528ACF0020037520E /* PBXTargetDependency */,
			);
			name = arch_practicalUITests;
			productName = arch_practicalUITests;
			productReference = AE92BF0328ACF0020037520E /* arch_practicalUITests.xctest */;
			productType = "com.apple.product-type.bundle.ui-testing";
		};
/* End PBXNativeTarget section */

/* Begin PBXProject section */
		AE92BEDB28ACF0000037520E /* Project object */ = {
			isa = PBXProject;
			attributes = {
				BuildIndependentTargetsInParallel = 1;
				LastSwiftUpdateCheck = 1340;
				LastUpgradeCheck = 1340;
				TargetAttributes = {
					AE92BEE228ACF0000037520E = {
						CreatedOnToolsVersion = 13.4.1;
					};
					AE92BEF828ACF0020037520E = {
						CreatedOnToolsVersion = 13.4.1;
						TestTargetID = AE92BEE228ACF0000037520E;
					};
					AE92BF0228ACF0020037520E = {
						CreatedOnToolsVersion = 13.4.1;
						TestTargetID = AE92BEE228ACF0000037520E;
					};
				};
			};
			buildConfigurationList = AE92BEDE28ACF0000037520E /* Build configuration list for PBXProject "arch_practical" */;
			compatibilityVersion = "Xcode 13.0";
			developmentRegion = en;
			hasScannedForEncodings = 0;
			knownRegions = (
				en,
				Base,
			);
			mainGroup = AE92BEDA28ACF0000037520E;
			productRefGroup = AE92BEE428ACF0000037520E /* Products */;
			projectDirPath = "";
			projectRoot = "";
			targets = (
				AE92BEE228ACF0000037520E /* arch_practical */,
				AE92BEF828ACF0020037520E /* arch_practicalTests */,
				AE92BF0228ACF0020037520E /* arch_practicalUITests */,
			);
		};
/* End PBXProject section */

/* Begin PBXResourcesBuildPhase section */
		AE92BEE128ACF0000037520E /* Resources */ = {
			isa = PBXResourcesBuildPhase;
			buildActionMask = 2147483647;
			files = (
				AE92BEF328ACF0020037520E /* LaunchScreen.storyboard in Resources */,
				AE92BEF028ACF0020037520E /* Assets.xcassets in Resources */,
				AE92BEEE28ACF0000037520E /* Main.storyboard in Resources */,
			);
			runOnlyForDeploymentPostprocessing = 0;
		};
		AE92BEF728ACF0020037520E /* Resources */ = {
			isa = PBXResourcesBuildPhase;
			buildActionMask = 2147483647;
			files = (
			);
			runOnlyForDeploymentPostprocessing = 0;
		};
		AE92BF0128ACF0020037520E /* Resources */ = {
			isa = PBXResourcesBuildPhase;
			buildActionMask = 2147483647;
			files = (
			);
			runOnlyForDeploymentPostprocessing = 0;
		};
/* End PBXResourcesBuildPhase section */

/* Begin PBXSourcesBuildPhase section */
		AE92BEDF28ACF0000037520E /* Sources */ = {
			isa = PBXSourcesBuildPhase;
			buildActionMask = 2147483647;
			files = (
				AE92BEEB28ACF0000037520E /* ViewController.swift in Sources */,
				AE92BEE728ACF0000037520E /* AppDelegate.swift in Sources */,
				AE92BEE928ACF0000037520E /* SceneDelegate.swift in Sources */,
			);
			runOnlyForDeploymentPostprocessing = 0;
		};
		AE92BEF528ACF0020037520E /* Sources */ = {
			isa = PBXSourcesBuildPhase;
			buildActionMask = 2147483647;
			files = (
				AE92BEFE28ACF0020037520E /* arch_practicalTests.swift in Sources */,
			);
			runOnlyForDeploymentPostprocessing = 0;
		};
		AE92BEFF28ACF0020037520E /* Sources */ = {
			isa = PBXSourcesBuildPhase;
			buildActionMask = 2147483647;
			files = (
				AE92BF0A28ACF0020037520E /* arch_practicalUITestsLaunchTests.swift in Sources */,
				AE92BF0828ACF0020037520E /* arch_practicalUITests.swift in Sources */,
			);
			runOnlyForDeploymentPostprocessing = 0;
		};
/* End PBXSourcesBuildPhase section */

/* Begin PBXTargetDependency section */
		AE92BEFB28ACF0020037520E /* PBXTargetDependency */ = {
			isa = PBXTargetDependency;
			target = AE92BEE228ACF0000037520E /* arch_practical */;
			targetProxy = AE92BEFA28ACF0020037520E /* PBXContainerItemProxy */;
		};
		AE92BF0528ACF0020037520E /* PBXTargetDependency */ = {
			isa = PBXTargetDependency;
			target = AE92BEE228ACF0000037520E /* arch_practical */;
			targetProxy = AE92BF0428ACF0020037520E /* PBXContainerItemProxy */;
		};
/* End PBXTargetDependency section */

/* Begin PBXVariantGroup section */
		AE92BEEC28ACF0000037520E /* Main.storyboard */ = {
			isa = PBXVariantGroup;
			children = (
				AE92BEED28ACF0000037520E /* Base */,
			);
			name = Main.storyboard;
			sourceTree = "<group>";
		};
		AE92BEF128ACF0020037520E /* LaunchScreen.storyboard */ = {
			isa = PBXVariantGroup;
			children = (
				AE92BEF228ACF0020037520E /* Base */,
			);
			name = LaunchScreen.storyboard;
			sourceTree = "<group>";
		};
/* End PBXVariantGroup section */

/* Begin XCBuildConfiguration section */
		AE92BF0B28ACF0020037520E /* Debug */ = {
			isa = XCBuildConfiguration;
			buildSettings = {
				ALWAYS_SEARCH_USER_PATHS = NO;
				CLANG_ANALYZER_NONNULL = YES;
				CLANG_ANALYZER_NUMBER_OBJECT_CONVERSION = YES_AGGRESSIVE;
				CLANG_CXX_LANGUAGE_STANDARD = "gnu++17";
				CLANG_ENABLE_MODULES = YES;
				CLANG_ENABLE_OBJC_ARC = YES;
				CLANG_ENABLE_OBJC_WEAK = YES;
				CLANG_WARN_BLOCK_CAPTURE_AUTORELEASING = YES;
				CLANG_WARN_BOOL_CONVERSION = YES;
				CLANG_WARN_COMMA = YES;
				CLANG_WARN_CONSTANT_CONVERSION = YES;
				CLANG_WARN_DEPRECATED_OBJC_IMPLEMENTATIONS = YES;
				CLANG_WARN_DIRECT_OBJC_ISA_USAGE = YES_ERROR;
				CLANG_WARN_DOCUMENTATION_COMMENTS = YES;
				CLANG_WARN_EMPTY_BODY = YES;
				CLANG_WARN_ENUM_CONVERSION = YES;
				CLANG_WARN_INFINITE_RECURSION = YES;
				CLANG_WARN_INT_CONVERSION = YES;
				CLANG_WARN_NON_LITERAL_NULL_CONVERSION = YES;
				CLANG_WARN_OBJC_IMPLICIT_RETAIN_SELF = YES;
				CLANG_WARN_OBJC_LITERAL_CONVERSION = YES;
				CLANG_WARN_OBJC_ROOT_CLASS = YES_ERROR;
				CLANG_WARN_QUOTED_INCLUDE_IN_FRAMEWORK_HEADER = YES;
				CLANG_WARN_RANGE_LOOP_ANALYSIS = YES;
				CLANG_WARN_STRICT_PROTOTYPES = YES;
				CLANG_WARN_SUSPICIOUS_MOVE = YES;
				CLANG_WARN_UNGUARDED_AVAILABILITY = YES_AGGRESSIVE;
				CLANG_WARN_UNREACHABLE_CODE = YES;
				CLANG_WARN__DUPLICATE_METHOD_MATCH = YES;
				COPY_PHASE_STRIP = NO;
				DEBUG_INFORMATION_FORMAT = dwarf;
				ENABLE_STRICT_OBJC_MSGSEND = YES;
				ENABLE_TESTABILITY = YES;
				GCC_C_LANGUAGE_STANDARD = gnu11;
				GCC_DYNAMIC_NO_PIC = NO;
				GCC_NO_COMMON_BLOCKS = YES;
				GCC_OPTIMIZATION_LEVEL = 0;
				GCC_PREPROCESSOR_DEFINITIONS = (
					"DEBUG=1",
					"$(inherited)",
				);
				GCC_WARN_64_TO_32_BIT_CONVERSION = YES;
				GCC_WARN_ABOUT_RETURN_TYPE = YES_ERROR;
				GCC_WARN_UNDECLARED_SELECTOR = YES;
				GCC_WARN_UNINITIALIZED_AUTOS = YES_AGGRESSIVE;
				GCC_WARN_UNUSED_FUNCTION = YES;
				GCC_WARN_UNUSED_VARIABLE = YES;
				IPHONEOS_DEPLOYMENT_TARGET = 15.5;
				MTL_ENABLE_DEBUG_INFO = INCLUDE_SOURCE;
				MTL_FAST_MATH = YES;
				ONLY_ACTIVE_ARCH = YES;
				SDKROOT = iphoneos;
				SWIFT_ACTIVE_COMPILATION_CONDITIONS = DEBUG;
				SWIFT_OPTIMIZATION_LEVEL = "-Onone";
			};
			name = Debug;
		};
		AE92BF0C28ACF0020037520E /* Release */ = {
			isa = XCBuildConfiguration;
			buildSettings = {
				ALWAYS_SEARCH_USER_PATHS = NO;
				CLANG_ANALYZER_NONNULL = YES;
				CLANG_ANALYZER_NUMBER_OBJECT_CONVERSION = YES_AGGRESSIVE;
				CLANG_CXX_LANGUAGE_STANDARD = "gnu++17";
				CLANG_ENABLE_MODULES = YES;
				CLANG_ENABLE_OBJC_ARC = YES;
				CLANG_ENABLE_OBJC_WEAK = YES;
				CLANG_WARN_BLOCK_CAPTURE_AUTORELEASING = YES;
				CLANG_WARN_BOOL_CONVERSION = YES;
				CLANG_WARN_COMMA = YES;
				CLANG_WARN_CONSTANT_CONVERSION = YES;
				CLANG_WARN_DEPRECATED_OBJC_IMPLEMENTATIONS = YES;
				CLANG_WARN_DIRECT_OBJC_ISA_USAGE = YES_ERROR;
				CLANG_WARN_DOCUMENTATION_COMMENTS = YES;
				CLANG_WARN_EMPTY_BODY = YES;
				CLANG_WARN_ENUM_CONVERSION = YES;
				CLANG_WARN_INFINITE_RECURSION = YES;
				CLANG_WARN_INT_CONVERSION = YES;
				CLANG_WARN_NON_LITERAL_NULL_CONVERSION = YES;
				CLANG_WARN_OBJC_IMPLICIT_RETAIN_SELF = YES;
				CLANG_WARN_OBJC_LITERAL_CONVERSION = YES;
				CLANG_WARN_OBJC_ROOT_CLASS = YES_ERROR;
				CLANG_WARN_QUOTED_INCLUDE_IN_FRAMEWORK_HEADER = YES;
				CLANG_WARN_RANGE_LOOP_ANALYSIS = YES;
				CLANG_WARN_STRICT_PROTOTYPES = YES;
				CLANG_WARN_SUSPICIOUS_MOVE = YES;
				CLANG_WARN_UNGUARDED_AVAILABILITY = YES_AGGRESSIVE;
				CLANG_WARN_UNREACHABLE_CODE = YES;
				CLANG_WARN__DUPLICATE_METHOD_MATCH = YES;
				COPY_PHASE_STRIP = NO;
				DEBUG_INFORMATION_FORMAT = "dwarf-with-dsym";
				ENABLE_NS_ASSERTIONS = NO;
				ENABLE_STRICT_OBJC_MSGSEND = YES;
				GCC_C_LANGUAGE_STANDARD = gnu11;
				GCC_NO_COMMON_BLOCKS = YES;
				GCC_WARN_64_TO_32_BIT_CONVERSION = YES;
				GCC_WARN_ABOUT_RETURN_TYPE = YES_ERROR;
				GCC_WARN_UNDECLARED_SELECTOR = YES;
				GCC_WARN_UNINITIALIZED_AUTOS = YES_AGGRESSIVE;
				GCC_WARN_UNUSED_FUNCTION = YES;
				GCC_WARN_UNUSED_VARIABLE = YES;
				IPHONEOS_DEPLOYMENT_TARGET = 15.5;
				MTL_ENABLE_DEBUG_INFO = NO;
				MTL_FAST_MATH = YES;
				SDKROOT = iphoneos;
				SWIFT_COMPILATION_MODE = wholemodule;
				SWIFT_OPTIMIZATION_LEVEL = "-O";
				VALIDATE_PRODUCT = YES;
			};
			name = Release;
		};
		AE92BF0E28ACF0020037520E /* Debug */ = {
			isa = XCBuildConfiguration;
			buildSettings = {
				ASSETCATALOG_COMPILER_APPICON_NAME = AppIcon;
				ASSETCATALOG_COMPILER_GLOBAL_ACCENT_COLOR_NAME = AccentColor;
				CODE_SIGN_STYLE = Automatic;
				CURRENT_PROJECT_VERSION = 1;
				DEVELOPMENT_TEAM = 2LR549JV4W;
				GENERATE_INFOPLIST_FILE = YES;
				INFOPLIST_FILE = arch_practical/Info.plist;
				INFOPLIST_KEY_UIApplicationSupportsIndirectInputEvents = YES;
				INFOPLIST_KEY_UILaunchStoryboardName = LaunchScreen;
				INFOPLIST_KEY_UIMainStoryboardFile = Main;
				INFOPLIST_KEY_UISupportedInterfaceOrientations_iPad = "UIInterfaceOrientationPortrait UIInterfaceOrientationPortraitUpsideDown UIInterfaceOrientationLandscapeLeft UIInterfaceOrientationLandscapeRight";
				INFOPLIST_KEY_UISupportedInterfaceOrientations_iPhone = "UIInterfaceOrientationPortrait UIInterfaceOrientationLandscapeLeft UIInterfaceOrientationLandscapeRight";
				LD_RUNPATH_SEARCH_PATHS = (
					"$(inherited)",
					"@executable_path/Frameworks",
				);
				MARKETING_VERSION = 1.0;
				PRODUCT_BUNDLE_IDENTIFIER = "com.archana.arch-practical";
				PRODUCT_NAME = "$(TARGET_NAME)";
				SWIFT_EMIT_LOC_STRINGS = YES;
				SWIFT_VERSION = 5.0;
				TARGETED_DEVICE_FAMILY = "1,2";
			};
			name = Debug;
		};
		AE92BF0F28ACF0020037520E /* Release */ = {
			isa = XCBuildConfiguration;
			buildSettings = {
				ASSETCATALOG_COMPILER_APPICON_NAME = AppIcon;
				ASSETCATALOG_COMPILER_GLOBAL_ACCENT_COLOR_NAME = AccentColor;
				CODE_SIGN_STYLE = Automatic;
				CURRENT_PROJECT_VERSION = 1;
				DEVELOPMENT_TEAM = 2LR549JV4W;
				GENERATE_INFOPLIST_FILE = YES;
				INFOPLIST_FILE = arch_practical/Info.plist;
				INFOPLIST_KEY_UIApplicationSupportsIndirectInputEvents = YES;
				INFOPLIST_KEY_UILaunchStoryboardName = LaunchScreen;
				INFOPLIST_KEY_UIMainStoryboardFile = Main;
				INFOPLIST_KEY_UISupportedInterfaceOrientations_iPad = "UIInterfaceOrientationPortrait UIInterfaceOrientationPortraitUpsideDown UIInterfaceOrientationLandscapeLeft UIInterfaceOrientationLandscapeRight";
				INFOPLIST_KEY_UISupportedInterfaceOrientations_iPhone = "UIInterfaceOrientationPortrait UIInterfaceOrientationLandscapeLeft UIInterfaceOrientationLandscapeRight";
				LD_RUNPATH_SEARCH_PATHS = (
					"$(inherited)",
					"@executable_path/Frameworks",
				);
				MARKETING_VERSION = 1.0;
				PRODUCT_BUNDLE_IDENTIFIER = "com.archana.arch-practical";
				PRODUCT_NAME = "$(TARGET_NAME)";
				SWIFT_EMIT_LOC_STRINGS = YES;
				SWIFT_VERSION = 5.0;
				TARGETED_DEVICE_FAMILY = "1,2";
			};
			name = Release;
		};
		AE92BF1128ACF0020037520E /* Debug */ = {
			isa = XCBuildConfiguration;
			buildSettings = {
				ALWAYS_EMBED_SWIFT_STANDARD_LIBRARIES = YES;
				BUNDLE_LOADER = "$(TEST_HOST)";
				CODE_SIGN_STYLE = Automatic;
				CURRENT_PROJECT_VERSION = 1;
				DEVELOPMENT_TEAM = 2LR549JV4W;
				GENERATE_INFOPLIST_FILE = YES;
				IPHONEOS_DEPLOYMENT_TARGET = 15.5;
				MARKETING_VERSION = 1.0;
				PRODUCT_BUNDLE_IDENTIFIER = "com.archana.arch-practicalTests";
				PRODUCT_NAME = "$(TARGET_NAME)";
				SWIFT_EMIT_LOC_STRINGS = NO;
				SWIFT_VERSION = 5.0;
				TARGETED_DEVICE_FAMILY = "1,2";
				TEST_HOST = "$(BUILT_PRODUCTS_DIR)/arch_practical.app/arch_practical";
			};
			name = Debug;
		};
		AE92BF1228ACF0020037520E /* Release */ = {
			isa = XCBuildConfiguration;
			buildSettings = {
				ALWAYS_EMBED_SWIFT_STANDARD_LIBRARIES = YES;
				BUNDLE_LOADER = "$(TEST_HOST)";
				CODE_SIGN_STYLE = Automatic;
				CURRENT_PROJECT_VERSION = 1;
				DEVELOPMENT_TEAM = 2LR549JV4W;
				GENERATE_INFOPLIST_FILE = YES;
				IPHONEOS_DEPLOYMENT_TARGET = 15.5;
				MARKETING_VERSION = 1.0;
				PRODUCT_BUNDLE_IDENTIFIER = "com.archana.arch-practicalTests";
				PRODUCT_NAME = "$(TARGET_NAME)";
				SWIFT_EMIT_LOC_STRINGS = NO;
				SWIFT_VERSION = 5.0;
				TARGETED_DEVICE_FAMILY = "1,2";
				TEST_HOST = "$(BUILT_PRODUCTS_DIR)/arch_practical.app/arch_practical";
			};
			name = Release;
		};
		AE92BF1428ACF0020037520E /* Debug */ = {
			isa = XCBuildConfiguration;
			buildSettings = {
				ALWAYS_EMBED_SWIFT_STANDARD_LIBRARIES = YES;
				CODE_SIGN_STYLE = Automatic;
				CURRENT_PROJECT_VERSION = 1;
				DEVELOPMENT_TEAM = 2LR549JV4W;
				GENERATE_INFOPLIST_FILE = YES;
				MARKETING_VERSION = 1.0;
				PRODUCT_BUNDLE_IDENTIFIER = "com.archana.arch-practicalUITests";
				PRODUCT_NAME = "$(TARGET_NAME)";
				SWIFT_EMIT_LOC_STRINGS = NO;
				SWIFT_VERSION = 5.0;
				TARGETED_DEVICE_FAMILY = "1,2";
				TEST_TARGET_NAME = arch_practical;
			};
			name = Debug;
		};
		AE92BF1528ACF0020037520E /* Release */ = {
			isa = XCBuildConfiguration;
			buildSettings = {
				ALWAYS_EMBED_SWIFT_STANDARD_LIBRARIES = YES;
				CODE_SIGN_STYLE = Automatic;
				CURRENT_PROJECT_VERSION = 1;
				DEVELOPMENT_TEAM = 2LR549JV4W;
				GENERATE_INFOPLIST_FILE = YES;
				MARKETING_VERSION = 1.0;
				PRODUCT_BUNDLE_IDENTIFIER = "com.archana.arch-practicalUITests";
				PRODUCT_NAME = "$(TARGET_NAME)";
				SWIFT_EMIT_LOC_STRINGS = NO;
				SWIFT_VERSION = 5.0;
				TARGETED_DEVICE_FAMILY = "1,2";
				TEST_TARGET_NAME = arch_practical;
			};
			name = Release;
		};
/* End XCBuildConfiguration section */

/* Begin XCConfigurationList section */
		AE92BEDE28ACF0000037520E /* Build configuration list for PBXProject "arch_practical" */ = {
			isa = XCConfigurationList;
			buildConfigurations = (
				AE92BF0B28ACF0020037520E /* Debug */,
				AE92BF0C28ACF0020037520E /* Release */,
			);
			defaultConfigurationIsVisible = 0;
			defaultConfigurationName = Release;
		};
		AE92BF0D28ACF0020037520E /* Build configuration list for PBXNativeTarget "arch_practical" */ = {
			isa = XCConfigurationList;
			buildConfigurations = (
				AE92BF0E28ACF0020037520E /* Debug */,
				AE92BF0F28ACF0020037520E /* Release */,
			);
			defaultConfigurationIsVisible = 0;
			defaultConfigurationName = Release;
		};
		AE92BF1028ACF0020037520E /* Build configuration list for PBXNativeTarget "arch_practicalTests" */ = {
			isa = XCConfigurationList;
			buildConfigurations = (
				AE92BF1128ACF0020037520E /* Debug */,
				AE92BF1228ACF0020037520E /* Release */,
			);
			defaultConfigurationIsVisible = 0;
			defaultConfigurationName = Release;
		};
		AE92BF1328ACF0020037520E /* Build configuration list for PBXNativeTarget "arch_practicalUITests" */ = {
			isa = XCConfigurationList;
			buildConfigurations = (
				AE92BF1428ACF0020037520E /* Debug */,
				AE92BF1528ACF0020037520E /* Release */,
			);
			defaultConfigurationIsVisible = 0;
			defaultConfigurationName = Release;
		};
/* End XCConfigurationList section */
	};
	rootObject = AE92BEDB28ACF0000037520E /* Project object */;
}
